
Microsoft Visual Studio Solution File, Format Version 12.00
# Visual Studio 2013
VisualStudioVersion = 12.0.21005.1
MinimumVisualStudioVersion = 10.0.40219.1
Project("{8BC9CEB8-8B4A-11D0-8D11-00A0C91BC942}") = "Driver", "Driver\Driver.vcxproj", "{63980F7B-429B-4274-A8EE-CFDE43577466}"
EndProject
Project("{8BC9CEB8-8B4A-11D0-8D11-00A0C91BC942}") = "Anthony", "Anthony\Anthoy.vcxproj", "{B0A8068D-16C6-46D0-9DAD-C802F9A48FED}"
EndProject
Global
	GlobalSection(SolutionConfigurationPlatforms) = preSolution
		Debug|Win32 = Debug|Win32
		Debug|x64 = Debug|x64
		Release|Win32 = Release|Win32
		Release|x64 = Release|x64
	EndGlobalSection
	GlobalSection(ProjectConfigurationPlatforms) = postSolution
		{63980F7B-429B-4274-A8EE-CFDE43577466}.Debug|Win32.ActiveCfg = Debug|Win32
		{63980F7B-429B-4274-A8EE-CFDE43577466}.Debug|Win32.Build.0 = Debug|Win32
		{63980F7B-429B-4274-A8EE-CFDE43577466}.Debug|Win32.Deploy.0 = Debug|Win32
		{63980F7B-429B-4274-A8EE-CFDE43577466}.Debug|x64.ActiveCfg = Debug|x64
		{63980F7B-429B-4274-A8EE-CFDE43577466}.Debug|x64.Build.0 = Debug|x64
		{63980F7B-429B-4274-A8EE-CFDE43577466}.Debug|x64.Deploy.0 = Debug|x64
		{63980F7B-429B-4274-A8EE-CFDE43577466}.Release|Win32.ActiveCfg = Release|Win32
		{63980F7B-429B-4274-A8EE-CFDE43577466}.Release|Win32.Build.0 = Release|Win32
		{63980F7B-429B-4274-A8EE-CFDE43577466}.Release|Win32.Deploy.0 = Release|Win32
		{63980F7B-429B-4274-A8EE-CFDE43577466}.Release|x64.ActiveCfg = Release|x64
		{63980F7B-429B-4274-A8EE-CFDE43577466}.Release|x64.Build.0 = Release|x64
		{63980F7B-429B-4274-A8EE-CFDE43577466}.Release|x64.Deploy.0 = Release|x64
		{B0A8068D-16C6-46D0-9DAD-C802F9A48FED}.Debug|Win32.ActiveCfg = Debug|Win32
		{B0A8068D-16C6-46D0-9DAD-C802F9A48FED}.Debug|Win32.Build.0 = Debug|Win32
		{B0A8068D-16C6-46D0-9DAD-C802F9A48FED}.Debug|x64.ActiveCfg = Debug|x64
		{B0A8068D-16C6-46D0-9DAD-C802F9A48FED}.Debug|x64.Build.0 = Debug|x64
		{B0A8068D-16C6-46D0-9DAD-C802F9A48FED}.Release|Win32.ActiveCfg = Release|Win32
		{B0A8068D-16C6-46D0-9DAD-C802F9A48FED}.Release|Win32.Build.0 = Release|Win32
		{B0A8068D-16C6-46D0-9DAD-C802F9A48FED}.Release|x64.ActiveCfg = Release|x64
		{B0A8068D-16C6-46D0-9DAD-C802F9A48FED}.Release|x64.Build.0 = Release|x64
	EndGlobalSection
	GlobalSection(SolutionProperties) = preSolution
		HideSolutionNode = FALSE
	EndGlobalSection
EndGlobal
